
Microsoft Visual Studio Solution File, Format Version 12.00
# Visual Studio Version 16
VisualStudioVersion = 16.0.32630.194
MinimumVisualStudioVersion = 10.0.40219.1
Project("{FAE04EC0-301F-11D3-BF4B-00C04F79EFBC}") = "Primer Programa en consola en Visual C sharp", "Primer Programa en consola en Visual C sharp.csproj", "{C8235473-9331-4C59-A68C-8D78FCF21373}"
EndProject
Global
	GlobalSection(SolutionConfigurationPlatforms) = preSolution
		Debug|Any CPU = Debug|Any CPU
		Release|Any CPU = Release|Any CPU
	EndGlobalSection
	GlobalSection(ProjectConfigurationPlatforms) = postSolution
		{C8235473-9331-4C59-A68C-8D78FCF21373}.Debug|Any CPU.ActiveCfg = Debug|Any CPU
		{C8235473-9331-4C59-A68C-8D78FCF21373}.Debug|Any CPU.Build.0 = Debug|Any CPU
		{C8235473-9331-4C59-A68C-8D78FCF21373}.Release|Any CPU.ActiveCfg = Release|Any CPU
		{C8235473-9331-4C59-A68C-8D78FCF21373}.Release|Any CPU.Build.0 = Release|Any CPU
	EndGlobalSection
	GlobalSection(SolutionProperties) = preSolution
		HideSolutionNode = FALSE
	EndGlobalSection
	GlobalSection(ExtensibilityGlobals) = postSolution
		SolutionGuid = {F02FE2D2-AE46-4290-87BF-CB9B9DC4EBE3}
	EndGlobalSection
EndGlobal
